
Microsoft Visual Studio Solution File, Format Version 12.00
Project("{FAE04EC0-301F-11D3-BF4B-00C04F79EFBC}") = "DAL", "DAL\DAL.csproj", "{4DB1AA13-1A7A-433D-A4A2-2689369CA559}"
EndProject
Project("{FAE04EC0-301F-11D3-BF4B-00C04F79EFBC}") = "API", "API\API.csproj", "{9F6E6A16-29E5-439C-A824-0F4D5FBB7B72}"
EndProject
Project("{FAE04EC0-301F-11D3-BF4B-00C04F79EFBC}") = "Core", "Core\Core.csproj", "{A47B4D77-129B-4484-8027-B26E40DAC471}"
EndProject
Project("{FAE04EC0-301F-11D3-BF4B-00C04F79EFBC}") = "BLL", "BLL\BLL.csproj", "{8A710097-A044-467A-AD59-E78B8B2C38AF}"
EndProject
Project("{FAE04EC0-301F-11D3-BF4B-00C04F79EFBC}") = "Infrustructure", "Infrustructure\Infrustructure.csproj", "{DC5B820D-CC7C-4B62-B4E0-EBCF483AF741}"
EndProject
Global
	GlobalSection(SolutionConfigurationPlatforms) = preSolution
		Debug|Any CPU = Debug|Any CPU
		Release|Any CPU = Release|Any CPU
	EndGlobalSection
	GlobalSection(ProjectConfigurationPlatforms) = postSolution
		{4DB1AA13-1A7A-433D-A4A2-2689369CA559}.Debug|Any CPU.ActiveCfg = Debug|Any CPU
		{4DB1AA13-1A7A-433D-A4A2-2689369CA559}.Debug|Any CPU.Build.0 = Debug|Any CPU
		{4DB1AA13-1A7A-433D-A4A2-2689369CA559}.Release|Any CPU.ActiveCfg = Release|Any CPU
		{4DB1AA13-1A7A-433D-A4A2-2689369CA559}.Release|Any CPU.Build.0 = Release|Any CPU
		{9F6E6A16-29E5-439C-A824-0F4D5FBB7B72}.Debug|Any CPU.ActiveCfg = Debug|Any CPU
		{9F6E6A16-29E5-439C-A824-0F4D5FBB7B72}.Debug|Any CPU.Build.0 = Debug|Any CPU
		{9F6E6A16-29E5-439C-A824-0F4D5FBB7B72}.Release|Any CPU.ActiveCfg = Release|Any CPU
		{9F6E6A16-29E5-439C-A824-0F4D5FBB7B72}.Release|Any CPU.Build.0 = Release|Any CPU
		{A47B4D77-129B-4484-8027-B26E40DAC471}.Debug|Any CPU.ActiveCfg = Debug|Any CPU
		{A47B4D77-129B-4484-8027-B26E40DAC471}.Debug|Any CPU.Build.0 = Debug|Any CPU
		{A47B4D77-129B-4484-8027-B26E40DAC471}.Release|Any CPU.ActiveCfg = Release|Any CPU
		{A47B4D77-129B-4484-8027-B26E40DAC471}.Release|Any CPU.Build.0 = Release|Any CPU
		{8A710097-A044-467A-AD59-E78B8B2C38AF}.Debug|Any CPU.ActiveCfg = Debug|Any CPU
		{8A710097-A044-467A-AD59-E78B8B2C38AF}.Debug|Any CPU.Build.0 = Debug|Any CPU
		{8A710097-A044-467A-AD59-E78B8B2C38AF}.Release|Any CPU.ActiveCfg = Release|Any CPU
		{8A710097-A044-467A-AD59-E78B8B2C38AF}.Release|Any CPU.Build.0 = Release|Any CPU
		{DC5B820D-CC7C-4B62-B4E0-EBCF483AF741}.Debug|Any CPU.ActiveCfg = Debug|Any CPU
		{DC5B820D-CC7C-4B62-B4E0-EBCF483AF741}.Debug|Any CPU.Build.0 = Debug|Any CPU
		{DC5B820D-CC7C-4B62-B4E0-EBCF483AF741}.Release|Any CPU.ActiveCfg = Release|Any CPU
		{DC5B820D-CC7C-4B62-B4E0-EBCF483AF741}.Release|Any CPU.Build.0 = Release|Any CPU
	EndGlobalSection
EndGlobal
